
Microsoft Visual Studio Solution File, Format Version 12.00
# Visual Studio Version 16
VisualStudioVersion = 16.0.31005.135
MinimumVisualStudioVersion = 10.0.40219.1
Project("{9A19103F-16F7-4668-BE54-9A1E7A4F7556}") = "server", "server.csproj", "{88E9240C-F18B-4FC7-BE7A-36D2A7D4E101}"
EndProject
Project("{9A19103F-16F7-4668-BE54-9A1E7A4F7556}") = "Utilities", "..\components\Utilities\Utilities.csproj", "{57697F17-F670-4353-B45E-9CD63B1B4407}"
EndProject
Project("{9A19103F-16F7-4668-BE54-9A1E7A4F7556}") = "WalletConnectSharp.Core", "..\components\WalletConnectSharp\WalletConnectSharp.Core\WalletConnectSharp.Core.csproj", "{D1D937F1-92FD-4991-92F2-C0F30B4ADD9D}"
EndProject
Project("{9A19103F-16F7-4668-BE54-9A1E7A4F7556}") = "WalletConnectSharp.Desktop", "..\components\WalletConnectSharp\WalletConnectSharp.Desktop\WalletConnectSharp.Desktop.csproj", "{74DCAFA9-8B7E-4C5B-97BB-5A5DA053EA9E}"
EndProject
Project("{FAE04EC0-301F-11D3-BF4B-00C04F79EFBC}") = "cb-cli", "..\components\cb-cli\cb-cli.csproj", "{650B61EF-FB6D-44FD-8F13-1022EE07C7C3}"
EndProject
Global
	GlobalSection(SolutionConfigurationPlatforms) = preSolution
		Debug|Any CPU = Debug|Any CPU
		Release|Any CPU = Release|Any CPU
	EndGlobalSection
	GlobalSection(ProjectConfigurationPlatforms) = postSolution
		{88E9240C-F18B-4FC7-BE7A-36D2A7D4E101}.Debug|Any CPU.ActiveCfg = Debug|Any CPU
		{88E9240C-F18B-4FC7-BE7A-36D2A7D4E101}.Debug|Any CPU.Build.0 = Debug|Any CPU
		{88E9240C-F18B-4FC7-BE7A-36D2A7D4E101}.Release|Any CPU.ActiveCfg = Release|Any CPU
		{88E9240C-F18B-4FC7-BE7A-36D2A7D4E101}.Release|Any CPU.Build.0 = Release|Any CPU
		{57697F17-F670-4353-B45E-9CD63B1B4407}.Debug|Any CPU.ActiveCfg = Debug|Any CPU
		{57697F17-F670-4353-B45E-9CD63B1B4407}.Debug|Any CPU.Build.0 = Debug|Any CPU
		{57697F17-F670-4353-B45E-9CD63B1B4407}.Release|Any CPU.ActiveCfg = Release|Any CPU
		{57697F17-F670-4353-B45E-9CD63B1B4407}.Release|Any CPU.Build.0 = Release|Any CPU
		{D1D937F1-92FD-4991-92F2-C0F30B4ADD9D}.Debug|Any CPU.ActiveCfg = Debug|Any CPU
		{D1D937F1-92FD-4991-92F2-C0F30B4ADD9D}.Debug|Any CPU.Build.0 = Debug|Any CPU
		{D1D937F1-92FD-4991-92F2-C0F30B4ADD9D}.Release|Any CPU.ActiveCfg = Release|Any CPU
		{D1D937F1-92FD-4991-92F2-C0F30B4ADD9D}.Release|Any CPU.Build.0 = Release|Any CPU
		{74DCAFA9-8B7E-4C5B-97BB-5A5DA053EA9E}.Debug|Any CPU.ActiveCfg = Debug|Any CPU
		{74DCAFA9-8B7E-4C5B-97BB-5A5DA053EA9E}.Debug|Any CPU.Build.0 = Debug|Any CPU
		{74DCAFA9-8B7E-4C5B-97BB-5A5DA053EA9E}.Release|Any CPU.ActiveCfg = Release|Any CPU
		{74DCAFA9-8B7E-4C5B-97BB-5A5DA053EA9E}.Release|Any CPU.Build.0 = Release|Any CPU
		{650B61EF-FB6D-44FD-8F13-1022EE07C7C3}.Debug|Any CPU.ActiveCfg = Debug|Any CPU
		{650B61EF-FB6D-44FD-8F13-1022EE07C7C3}.Debug|Any CPU.Build.0 = Debug|Any CPU
		{650B61EF-FB6D-44FD-8F13-1022EE07C7C3}.Release|Any CPU.ActiveCfg = Release|Any CPU
		{650B61EF-FB6D-44FD-8F13-1022EE07C7C3}.Release|Any CPU.Build.0 = Release|Any CPU
	EndGlobalSection
	GlobalSection(SolutionProperties) = preSolution
		HideSolutionNode = FALSE
	EndGlobalSection
	GlobalSection(ExtensibilityGlobals) = postSolution
		SolutionGuid = {FCD44BDF-2748-4C65-A682-16A5AAB5A0BA}
	EndGlobalSection
EndGlobal
